
Microsoft Visual Studio Solution File, Format Version 12.00
# Visual Studio Version 17
VisualStudioVersion = 17.3.32825.248
MinimumVisualStudioVersion = 10.0.40219.1
Project("{FAE04EC0-301F-11D3-BF4B-00C04F79EFBC}") = "Points", "Points\Points.csproj", "{A55CF639-9231-4836-89CA-98615A8473EC}"
EndProject
Global
	GlobalSection(SolutionConfigurationPlatforms) = preSolution
		Debug|Any CPU = Debug|Any CPU
		Release|Any CPU = Release|Any CPU
	EndGlobalSection
	GlobalSection(ProjectConfigurationPlatforms) = postSolution
		{A55CF639-9231-4836-89CA-98615A8473EC}.Debug|Any CPU.ActiveCfg = Debug|Any CPU
		{A55CF639-9231-4836-89CA-98615A8473EC}.Debug|Any CPU.Build.0 = Debug|Any CPU
		{A55CF639-9231-4836-89CA-98615A8473EC}.Release|Any CPU.ActiveCfg = Release|Any CPU
		{A55CF639-9231-4836-89CA-98615A8473EC}.Release|Any CPU.Build.0 = Release|Any CPU
	EndGlobalSection
	GlobalSection(SolutionProperties) = preSolution
		HideSolutionNode = FALSE
	EndGlobalSection
	GlobalSection(ExtensibilityGlobals) = postSolution
		SolutionGuid = {8AD36872-6C82-4047-9BF2-36603F76EE6B}
	EndGlobalSection
EndGlobal
